// !$*UTF8*$!
{
	archiveVersion = 1;
	classes = {
	};
	objectVersion = 46;
	objects = {

/* Begin PBXBuildFile section */
		929293781E04DB790007DD79 /* AppDelegate.swift in Sources */ = {isa = PBXBuildFile; fileRef = 929293771E04DB790007DD79 /* AppDelegate.swift */; };
		9292937D1E04DB790007DD79 /* Main.storyboard in Resources */ = {isa = PBXBuildFile; fileRef = 9292937B1E04DB790007DD79 /* Main.storyboard */; };
		9292937F1E04DB790007DD79 /* Assets.xcassets in Resources */ = {isa = PBXBuildFile; fileRef = 9292937E1E04DB790007DD79 /* Assets.xcassets */; };
		929293821E04DB790007DD79 /* LaunchScreen.storyboard in Resources */ = {isa = PBXBuildFile; fileRef = 929293801E04DB790007DD79 /* LaunchScreen.storyboard */; };
		9292938B1E04DBDB0007DD79 /* BreakoutView.swift in Sources */ = {isa = PBXBuildFile; fileRef = 9292938A1E04DBDB0007DD79 /* BreakoutView.swift */; };
		9292938D1E04DBFA0007DD79 /* BreakoutViewController.swift in Sources */ = {isa = PBXBuildFile; fileRef = 9292938C1E04DBFA0007DD79 /* BreakoutViewController.swift */; };
		9292938F1E04F40C0007DD79 /* BallView.swift in Sources */ = {isa = PBXBuildFile; fileRef = 9292938E1E04F40C0007DD79 /* BallView.swift */; };
		929293911E04FB2E0007DD79 /* BreakoutBehavior.swift in Sources */ = {isa = PBXBuildFile; fileRef = 929293901E04FB2E0007DD79 /* BreakoutBehavior.swift */; };
		929293931E050F670007DD79 /* Paddle.swift in Sources */ = {isa = PBXBuildFile; fileRef = 929293921E050F670007DD79 /* Paddle.swift */; };
		929293951E05B4130007DD79 /* UserSettings.swift in Sources */ = {isa = PBXBuildFile; fileRef = 929293941E05B4130007DD79 /* UserSettings.swift */; };
		929293971E05C7E10007DD79 /* SettingsViewController.swift in Sources */ = {isa = PBXBuildFile; fileRef = 929293961E05C7E10007DD79 /* SettingsViewController.swift */; };
/* End PBXBuildFile section */

/* Begin PBXFileReference section */
		929293741E04DB780007DD79 /* Breakout.app */ = {isa = PBXFileReference; explicitFileType = wrapper.application; includeInIndex = 0; path = Breakout.app; sourceTree = BUILT_PRODUCTS_DIR; };
		929293771E04DB790007DD79 /* AppDelegate.swift */ = {isa = PBXFileReference; lastKnownFileType = sourcecode.swift; path = AppDelegate.swift; sourceTree = "<group>"; };
		9292937C1E04DB790007DD79 /* Base */ = {isa = PBXFileReference; lastKnownFileType = file.storyboard; name = Base; path = Base.lproj/Main.storyboard; sourceTree = "<group>"; };
		9292937E1E04DB790007DD79 /* Assets.xcassets */ = {isa = PBXFileReference; lastKnownFileType = folder.assetcatalog; path = Assets.xcassets; sourceTree = "<group>"; };
		929293811E04DB790007DD79 /* Base */ = {isa = PBXFileReference; lastKnownFileType = file.storyboard; name = Base; path = Base.lproj/LaunchScreen.storyboard; sourceTree = "<group>"; };
		929293831E04DB790007DD79 /* Info.plist */ = {isa = PBXFileReference; lastKnownFileType = text.plist.xml; path = Info.plist; sourceTree = "<group>"; };
		9292938A1E04DBDB0007DD79 /* BreakoutView.swift */ = {isa = PBXFileReference; fileEncoding = 4; lastKnownFileType = sourcecode.swift; path = BreakoutView.swift; sourceTree = "<group>"; };
		9292938C1E04DBFA0007DD79 /* BreakoutViewController.swift */ = {isa = PBXFileReference; fileEncoding = 4; lastKnownFileType = sourcecode.swift; path = BreakoutViewController.swift; sourceTree = "<group>"; };
		9292938E1E04F40C0007DD79 /* BallView.swift */ = {isa = PBXFileReference; fileEncoding = 4; lastKnownFileType = sourcecode.swift; path = BallView.swift; sourceTree = "<group>"; };
		929293901E04FB2E0007DD79 /* BreakoutBehavior.swift */ = {isa = PBXFileReference; fileEncoding = 4; lastKnownFileType = sourcecode.swift; path = BreakoutBehavior.swift; sourceTree = "<group>"; };
		929293921E050F670007DD79 /* Paddle.swift */ = {isa = PBXFileReference; fileEncoding = 4; lastKnownFileType = sourcecode.swift; path = Paddle.swift; sourceTree = "<group>"; };
		929293941E05B4130007DD79 /* UserSettings.swift */ = {isa = PBXFileReference; fileEncoding = 4; lastKnownFileType = sourcecode.swift; path = UserSettings.swift; sourceTree = "<group>"; };
		929293961E05C7E10007DD79 /* SettingsViewController.swift */ = {isa = PBXFileReference; fileEncoding = 4; lastKnownFileType = sourcecode.swift; path = SettingsViewController.swift; sourceTree = "<group>"; };
/* End PBXFileReference section */

/* Begin PBXFrameworksBuildPhase section */
		929293711E04DB780007DD79 /* Frameworks */ = {
			isa = PBXFrameworksBuildPhase;
			buildActionMask = 2147483647;
			files = (
			);
			runOnlyForDeploymentPostprocessing = 0;
		};
/* End PBXFrameworksBuildPhase section */

/* Begin PBXGroup section */
		9292936B1E04DB780007DD79 = {
			isa = PBXGroup;
			children = (
				929293761E04DB790007DD79 /* Breakout */,
				929293751E04DB780007DD79 /* Products */,
			);
			sourceTree = "<group>";
		};
		929293751E04DB780007DD79 /* Products */ = {
			isa = PBXGroup;
			children = (
				929293741E04DB780007DD79 /* Breakout.app */,
			);
			name = Products;
			sourceTree = "<group>";
		};
		929293761E04DB790007DD79 /* Breakout */ = {
			isa = PBXGroup;
			children = (
				929293941E05B4130007DD79 /* UserSettings.swift */,
				929293891E04DB990007DD79 /* Supporting Files */,
				9292937B1E04DB790007DD79 /* Main.storyboard */,
				929293961E05C7E10007DD79 /* SettingsViewController.swift */,
				9292938A1E04DBDB0007DD79 /* BreakoutView.swift */,
				929293901E04FB2E0007DD79 /* BreakoutBehavior.swift */,
				929293921E050F670007DD79 /* Paddle.swift */,
				9292938C1E04DBFA0007DD79 /* BreakoutViewController.swift */,
				9292938E1E04F40C0007DD79 /* BallView.swift */,
			);
			path = Breakout;
			sourceTree = "<group>";
		};
		929293891E04DB990007DD79 /* Supporting Files */ = {
			isa = PBXGroup;
			children = (
				929293771E04DB790007DD79 /* AppDelegate.swift */,
				9292937E1E04DB790007DD79 /* Assets.xcassets */,
				929293801E04DB790007DD79 /* LaunchScreen.storyboard */,
				929293831E04DB790007DD79 /* Info.plist */,
			);
			name = "Supporting Files";
			sourceTree = "<group>";
		};
/* End PBXGroup section */

/* Begin PBXNativeTarget section */
		929293731E04DB780007DD79 /* Breakout */ = {
			isa = PBXNativeTarget;
			buildConfigurationList = 929293861E04DB790007DD79 /* Build configuration list for PBXNativeTarget "Breakout" */;
			buildPhases = (
				929293701E04DB780007DD79 /* Sources */,
				929293711E04DB780007DD79 /* Frameworks */,
				929293721E04DB780007DD79 /* Resources */,
			);
			buildRules = (
			);
			dependencies = (
			);
			name = Breakout;
			productName = Breakout;
			productReference = 929293741E04DB780007DD79 /* Breakout.app */;
			productType = "com.apple.product-type.application";
		};
/* End PBXNativeTarget section */

/* Begin PBXProject section */
		9292936C1E04DB780007DD79 /* Project object */ = {
			isa = PBXProject;
			attributes = {
				LastSwiftUpdateCheck = 0730;
				LastUpgradeCheck = 0730;
				ORGANIZATIONNAME = "Zach Ziemann";
				TargetAttributes = {
					929293731E04DB780007DD79 = {
						CreatedOnToolsVersion = 7.3.1;
					};
				};
			};
			buildConfigurationList = 9292936F1E04DB780007DD79 /* Build configuration list for PBXProject "Breakout" */;
			compatibilityVersion = "Xcode 3.2";
			developmentRegion = English;
			hasScannedForEncodings = 0;
			knownRegions = (
				en,
				Base,
			);
			mainGroup = 9292936B1E04DB780007DD79;
			productRefGroup = 929293751E04DB780007DD79 /* Products */;
			projectDirPath = "";
			projectRoot = "";
			targets = (
				929293731E04DB780007DD79 /* Breakout */,
			);
		};
/* End PBXProject section */

/* Begin PBXResourcesBuildPhase section */
		929293721E04DB780007DD79 /* Resources */ = {
			isa = PBXResourcesBuildPhase;
			buildActionMask = 2147483647;
			files = (
				929293821E04DB790007DD79 /* LaunchScreen.storyboard in Resources */,
				9292937F1E04DB790007DD79 /* Assets.xcassets in Resources */,
				9292937D1E04DB790007DD79 /* Main.storyboard in Resources */,
			);
			runOnlyForDeploymentPostprocessing = 0;
		};
/* End PBXResourcesBuildPhase section */

/* Begin PBXSourcesBuildPhase section */
		929293701E04DB780007DD79 /* Sources */ = {
			isa = PBXSourcesBuildPhase;
			buildActionMask = 2147483647;
			files = (
				9292938D1E04DBFA0007DD79 /* BreakoutViewController.swift in Sources */,
				929293781E04DB790007DD79 /* AppDelegate.swift in Sources */,
				929293911E04FB2E0007DD79 /* BreakoutBehavior.swift in Sources */,
				929293931E050F670007DD79 /* Paddle.swift in Sources */,
				929293951E05B4130007DD79 /* UserSettings.swift in Sources */,
				9292938B1E04DBDB0007DD79 /* BreakoutView.swift in Sources */,
				9292938F1E04F40C0007DD79 /* BallView.swift in Sources */,
				929293971E05C7E10007DD79 /* SettingsViewController.swift in Sources */,
			);
			runOnlyForDeploymentPostprocessing = 0;
		};
/* End PBXSourcesBuildPhase section */

/* Begin PBXVariantGroup section */
		9292937B1E04DB790007DD79 /* Main.storyboard */ = {
			isa = PBXVariantGroup;
			children = (
				9292937C1E04DB790007DD79 /* Base */,
			);
			name = Main.storyboard;
			sourceTree = "<group>";
		};
		929293801E04DB790007DD79 /* LaunchScreen.storyboard */ = {
			isa = PBXVariantGroup;
			children = (
				929293811E04DB790007DD79 /* Base */,
			);
			name = LaunchScreen.storyboard;
			sourceTree = "<group>";
		};
/* End PBXVariantGroup section */

/* Begin XCBuildConfiguration section */
		929293841E04DB790007DD79 /* Debug */ = {
			isa = XCBuildConfiguration;
			buildSettings = {
				ALWAYS_SEARCH_USER_PATHS = NO;
				CLANG_ANALYZER_NONNULL = YES;
				CLANG_CXX_LANGUAGE_STANDARD = "gnu++0x";
				CLANG_CXX_LIBRARY = "libc++";
				CLANG_ENABLE_MODULES = YES;
				CLANG_ENABLE_OBJC_ARC = YES;
				CLANG_WARN_BOOL_CONVERSION = YES;
				CLANG_WARN_CONSTANT_CONVERSION = YES;
				CLANG_WARN_DIRECT_OBJC_ISA_USAGE = YES_ERROR;
				CLANG_WARN_EMPTY_BODY = YES;
				CLANG_WARN_ENUM_CONVERSION = YES;
				CLANG_WARN_INT_CONVERSION = YES;
				CLANG_WARN_OBJC_ROOT_CLASS = YES_ERROR;
				CLANG_WARN_UNREACHABLE_CODE = YES;
				CLANG_WARN__DUPLICATE_METHOD_MATCH = YES;
				"CODE_SIGN_IDENTITY[sdk=iphoneos*]" = "iPhone Developer";
				COPY_PHASE_STRIP = NO;
				DEBUG_INFORMATION_FORMAT = dwarf;
				ENABLE_STRICT_OBJC_MSGSEND = YES;
				ENABLE_TESTABILITY = YES;
				GCC_C_LANGUAGE_STANDARD = gnu99;
				GCC_DYNAMIC_NO_PIC = NO;
				GCC_NO_COMMON_BLOCKS = YES;
				GCC_OPTIMIZATION_LEVEL = 0;
				GCC_PREPROCESSOR_DEFINITIONS = (
					"DEBUG=1",
					"$(inherited)",
				);
				GCC_WARN_64_TO_32_BIT_CONVERSION = YES;
				GCC_WARN_ABOUT_RETURN_TYPE = YES_ERROR;
				GCC_WARN_UNDECLARED_SELECTOR = YES;
				GCC_WARN_UNINITIALIZED_AUTOS = YES_AGGRESSIVE;
				GCC_WARN_UNUSED_FUNCTION = YES;
				GCC_WARN_UNUSED_VARIABLE = YES;
				IPHONEOS_DEPLOYMENT_TARGET = 9.3;
				MTL_ENABLE_DEBUG_INFO = YES;
				ONLY_ACTIVE_ARCH = YES;
				SDKROOT = iphoneos;
				SWIFT_OPTIMIZATION_LEVEL = "-Onone";
				TARGETED_DEVICE_FAMILY = "1,2";
			};
			name = Debug;
		};
		929293851E04DB790007DD79 /* Release */ = {
			isa = XCBuildConfiguration;
			buildSettings = {
				ALWAYS_SEARCH_USER_PATHS = NO;
				CLANG_ANALYZER_NONNULL = YES;
				CLANG_CXX_LANGUAGE_STANDARD = "gnu++0x";
				CLANG_CXX_LIBRARY = "libc++";
				CLANG_ENABLE_MODULES = YES;
				CLANG_ENABLE_OBJC_ARC = YES;
				CLANG_WARN_BOOL_CONVERSION = YES;
				CLANG_WARN_CONSTANT_CONVERSION = YES;
				CLANG_WARN_DIRECT_OBJC_ISA_USAGE = YES_ERROR;
				CLANG_WARN_EMPTY_BODY = YES;
				CLANG_WARN_ENUM_CONVERSION = YES;
				CLANG_WARN_INT_CONVERSION = YES;
				CLANG_WARN_OBJC_ROOT_CLASS = YES_ERROR;
				CLANG_WARN_UNREACHABLE_CODE = YES;
				CLANG_WARN__DUPLICATE_METHOD_MATCH = YES;
				"CODE_SIGN_IDENTITY[sdk=iphoneos*]" = "iPhone Developer";
				COPY_PHASE_STRIP = NO;
				DEBUG_INFORMATION_FORMAT = "dwarf-with-dsym";
				ENABLE_NS_ASSERTIONS = NO;
				ENABLE_STRICT_OBJC_MSGSEND = YES;
				GCC_C_LANGUAGE_STANDARD = gnu99;
				GCC_NO_COMMON_BLOCKS = YES;
				GCC_WARN_64_TO_32_BIT_CONVERSION = YES;
				GCC_WARN_ABOUT_RETURN_TYPE = YES_ERROR;
				GCC_WARN_UNDECLARED_SELECTOR = YES;
				GCC_WARN_UNINITIALIZED_AUTOS = YES_AGGRESSIVE;
				GCC_WARN_UNUSED_FUNCTION = YES;
				GCC_WARN_UNUSED_VARIABLE = YES;
				IPHONEOS_DEPLOYMENT_TARGET = 9.3;
				MTL_ENABLE_DEBUG_INFO = NO;
				SDKROOT = iphoneos;
				TARGETED_DEVICE_FAMILY = "1,2";
				VALIDATE_PRODUCT = YES;
			};
			name = Release;
		};
		929293871E04DB790007DD79 /* Debug */ = {
			isa = XCBuildConfiguration;
			buildSettings = {
				ASSETCATALOG_COMPILER_APPICON_NAME = AppIcon;
				INFOPLIST_FILE = Breakout/Info.plist;
				LD_RUNPATH_SEARCH_PATHS = "$(inherited) @executable_path/Frameworks";
				PRODUCT_BUNDLE_IDENTIFIER = zz.Breakout;
				PRODUCT_NAME = "$(TARGET_NAME)";
			};
			name = Debug;
		};
		929293881E04DB790007DD79 /* Release */ = {
			isa = XCBuildConfiguration;
			buildSettings = {
				ASSETCATALOG_COMPILER_APPICON_NAME = AppIcon;
				INFOPLIST_FILE = Breakout/Info.plist;
				LD_RUNPATH_SEARCH_PATHS = "$(inherited) @executable_path/Frameworks";
				PRODUCT_BUNDLE_IDENTIFIER = zz.Breakout;
				PRODUCT_NAME = "$(TARGET_NAME)";
			};
			name = Release;
		};
/* End XCBuildConfiguration section */

/* Begin XCConfigurationList section */
		9292936F1E04DB780007DD79 /* Build configuration list for PBXProject "Breakout" */ = {
			isa = XCConfigurationList;
			buildConfigurations = (
				929293841E04DB790007DD79 /* Debug */,
				929293851E04DB790007DD79 /* Release */,
			);
			defaultConfigurationIsVisible = 0;
			defaultConfigurationName = Release;
		};
		929293861E04DB790007DD79 /* Build configuration list for PBXNativeTarget "Breakout" */ = {
			isa = XCConfigurationList;
			buildConfigurations = (
				929293871E04DB790007DD79 /* Debug */,
				929293881E04DB790007DD79 /* Release */,
			);
			defaultConfigurationIsVisible = 0;
		};
/* End XCConfigurationList section */
	};
	rootObject = 9292936C1E04DB780007DD79 /* Project object */;
}
